// !$*UTF8*$!
{
	archiveVersion = 1;
	classes = {
	};
	objectVersion = 56;
	objects = {

/* Begin PBXBuildFile section */
		382D39972C43280500485F8C /* AkiraApp.swift in Sources */ = {isa = PBXBuildFile; fileRef = 382D39962C43280500485F8C /* AkiraApp.swift */; };
		382D399B2C43280700485F8C /* Assets.xcassets in Resources */ = {isa = PBXBuildFile; fileRef = 382D399A2C43280700485F8C /* Assets.xcassets */; };
		382D399E2C43280700485F8C /* Preview Assets.xcassets in Resources */ = {isa = PBXBuildFile; fileRef = 382D399D2C43280700485F8C /* Preview Assets.xcassets */; };
		382D39A62C43287200485F8C /* KDVMainView.swift in Sources */ = {isa = PBXBuildFile; fileRef = 382D39A42C43287200485F8C /* KDVMainView.swift */; };
		382D39AA2C432CD300485F8C /* KDVPerson.swift in Sources */ = {isa = PBXBuildFile; fileRef = 382D39A92C432CD300485F8C /* KDVPerson.swift */; };
		382D39AC2C43340500485F8C /* KDVEditPersonView.swift in Sources */ = {isa = PBXBuildFile; fileRef = 382D39AB2C43340500485F8C /* KDVEditPersonView.swift */; };
		384CE5132C4D5EC900902C5F /* KDVEditEventView.swift in Sources */ = {isa = PBXBuildFile; fileRef = 384CE5122C4D5EC900902C5F /* KDVEditEventView.swift */; };
		385327962C4CE3C300DC594B /* KDVPeopleView.swift in Sources */ = {isa = PBXBuildFile; fileRef = 385327952C4CE3C300DC594B /* KDVPeopleView.swift */; };
		3886A27D2C4D715700F42EEF /* KDVPreviewer.swift in Sources */ = {isa = PBXBuildFile; fileRef = 3886A27C2C4D715700F42EEF /* KDVPreviewer.swift */; };
		38BDF87D2C4D591F006FD2FA /* KDVEvent.swift in Sources */ = {isa = PBXBuildFile; fileRef = 38BDF87B2C4D591F006FD2FA /* KDVEvent.swift */; };
		38DC36F22C4C9DFF00A3984E /* AkiraTests.swift in Sources */ = {isa = PBXBuildFile; fileRef = 38DC36F12C4C9DFF00A3984E /* AkiraTests.swift */; };
/* End PBXBuildFile section */

/* Begin PBXContainerItemProxy section */
		38DC36EC2C4C9C4600A3984E /* PBXContainerItemProxy */ = {
			isa = PBXContainerItemProxy;
			containerPortal = 382D398B2C43280500485F8C /* Project object */;
			proxyType = 1;
			remoteGlobalIDString = 382D39922C43280500485F8C;
			remoteInfo = Akira;
		};
/* End PBXContainerItemProxy section */

/* Begin PBXFileReference section */
		382D39932C43280500485F8C /* Akira.app */ = {isa = PBXFileReference; explicitFileType = wrapper.application; includeInIndex = 0; path = Akira.app; sourceTree = BUILT_PRODUCTS_DIR; };
		382D39962C43280500485F8C /* AkiraApp.swift */ = {isa = PBXFileReference; lastKnownFileType = sourcecode.swift; path = AkiraApp.swift; sourceTree = "<group>"; };
		382D399A2C43280700485F8C /* Assets.xcassets */ = {isa = PBXFileReference; lastKnownFileType = folder.assetcatalog; path = Assets.xcassets; sourceTree = "<group>"; };
		382D399D2C43280700485F8C /* Preview Assets.xcassets */ = {isa = PBXFileReference; lastKnownFileType = folder.assetcatalog; path = "Preview Assets.xcassets"; sourceTree = "<group>"; };
		382D39A42C43287200485F8C /* KDVMainView.swift */ = {isa = PBXFileReference; fileEncoding = 4; lastKnownFileType = sourcecode.swift; path = KDVMainView.swift; sourceTree = "<group>"; };
		382D39A92C432CD300485F8C /* KDVPerson.swift */ = {isa = PBXFileReference; lastKnownFileType = sourcecode.swift; path = KDVPerson.swift; sourceTree = "<group>"; };
		382D39AB2C43340500485F8C /* KDVEditPersonView.swift */ = {isa = PBXFileReference; lastKnownFileType = sourcecode.swift; path = KDVEditPersonView.swift; sourceTree = "<group>"; };
		384CE5122C4D5EC900902C5F /* KDVEditEventView.swift */ = {isa = PBXFileReference; lastKnownFileType = sourcecode.swift; path = KDVEditEventView.swift; sourceTree = "<group>"; };
		385327952C4CE3C300DC594B /* KDVPeopleView.swift */ = {isa = PBXFileReference; lastKnownFileType = sourcecode.swift; path = KDVPeopleView.swift; sourceTree = "<group>"; };
		3886A27C2C4D715700F42EEF /* KDVPreviewer.swift */ = {isa = PBXFileReference; fileEncoding = 4; lastKnownFileType = sourcecode.swift; path = KDVPreviewer.swift; sourceTree = "<group>"; };
		38BDF87B2C4D591F006FD2FA /* KDVEvent.swift */ = {isa = PBXFileReference; fileEncoding = 4; lastKnownFileType = sourcecode.swift; path = KDVEvent.swift; sourceTree = "<group>"; };
		38DC36E82C4C9C4600A3984E /* AkiraTests.xctest */ = {isa = PBXFileReference; explicitFileType = wrapper.cfbundle; includeInIndex = 0; path = AkiraTests.xctest; sourceTree = BUILT_PRODUCTS_DIR; };
		38DC36F12C4C9DFF00A3984E /* AkiraTests.swift */ = {isa = PBXFileReference; fileEncoding = 4; lastKnownFileType = sourcecode.swift; path = AkiraTests.swift; sourceTree = "<group>"; };
/* End PBXFileReference section */

/* Begin PBXFrameworksBuildPhase section */
		382D39902C43280500485F8C /* Frameworks */ = {
			isa = PBXFrameworksBuildPhase;
			buildActionMask = 2147483647;
			files = (
			);
			runOnlyForDeploymentPostprocessing = 0;
		};
		38DC36E52C4C9C4600A3984E /* Frameworks */ = {
			isa = PBXFrameworksBuildPhase;
			buildActionMask = 2147483647;
			files = (
			);
			runOnlyForDeploymentPostprocessing = 0;
		};
/* End PBXFrameworksBuildPhase section */

/* Begin PBXGroup section */
		382D398A2C43280500485F8C = {
			isa = PBXGroup;
			children = (
				382D39A82C432C7700485F8C /* Models */,
				382D39A52C43287200485F8C /* Views */,
				382D39952C43280500485F8C /* Akira */,
				38DC36E92C4C9C4600A3984E /* AkiraTests */,
				382D39942C43280500485F8C /* Products */,
			);
			sourceTree = "<group>";
		};
		382D39942C43280500485F8C /* Products */ = {
			isa = PBXGroup;
			children = (
				382D39932C43280500485F8C /* Akira.app */,
				38DC36E82C4C9C4600A3984E /* AkiraTests.xctest */,
			);
			name = Products;
			sourceTree = "<group>";
		};
		382D39952C43280500485F8C /* Akira */ = {
			isa = PBXGroup;
			children = (
				382D39962C43280500485F8C /* AkiraApp.swift */,
				382D399A2C43280700485F8C /* Assets.xcassets */,
				382D399C2C43280700485F8C /* Preview Content */,
			);
			path = Akira;
			sourceTree = "<group>";
		};
		382D399C2C43280700485F8C /* Preview Content */ = {
			isa = PBXGroup;
			children = (
				382D399D2C43280700485F8C /* Preview Assets.xcassets */,
			);
			path = "Preview Content";
			sourceTree = "<group>";
		};
		382D39A52C43287200485F8C /* Views */ = {
			isa = PBXGroup;
			children = (
				3886A27C2C4D715700F42EEF /* KDVPreviewer.swift */,
				382D39A42C43287200485F8C /* KDVMainView.swift */,
				382D39AB2C43340500485F8C /* KDVEditPersonView.swift */,
				385327952C4CE3C300DC594B /* KDVPeopleView.swift */,
				384CE5122C4D5EC900902C5F /* KDVEditEventView.swift */,
			);
			name = Views;
			path = Akira/Views;
			sourceTree = "<group>";
		};
		382D39A72C432C7700485F8C /* PersonData */ = {
			isa = PBXGroup;
			children = (
				382D39A92C432CD300485F8C /* KDVPerson.swift */,
			);
			path = PersonData;
			sourceTree = "<group>";
		};
		382D39A82C432C7700485F8C /* Models */ = {
			isa = PBXGroup;
			children = (
				38BDF87C2C4D591F006FD2FA /* EventsData */,
				382D39A72C432C7700485F8C /* PersonData */,
			);
			name = Models;
			path = Akira/Models;
			sourceTree = "<group>";
		};
		38BDF87C2C4D591F006FD2FA /* EventsData */ = {
			isa = PBXGroup;
			children = (
				38BDF87B2C4D591F006FD2FA /* KDVEvent.swift */,
			);
			path = EventsData;
			sourceTree = "<group>";
		};
		38DC36E92C4C9C4600A3984E /* AkiraTests */ = {
			isa = PBXGroup;
			children = (
				38DC36F12C4C9DFF00A3984E /* AkiraTests.swift */,
			);
			path = AkiraTests;
			sourceTree = "<group>";
		};
/* End PBXGroup section */

/* Begin PBXNativeTarget section */
		382D39922C43280500485F8C /* Akira */ = {
			isa = PBXNativeTarget;
			buildConfigurationList = 382D39A12C43280700485F8C /* Build configuration list for PBXNativeTarget "Akira" */;
			buildPhases = (
				382D398F2C43280500485F8C /* Sources */,
				382D39902C43280500485F8C /* Frameworks */,
				382D39912C43280500485F8C /* Resources */,
			);
			buildRules = (
			);
			dependencies = (
			);
			name = Akira;
			productName = Akira;
			productReference = 382D39932C43280500485F8C /* Akira.app */;
			productType = "com.apple.product-type.application";
		};
		38DC36E72C4C9C4600A3984E /* AkiraTests */ = {
			isa = PBXNativeTarget;
			buildConfigurationList = 38DC36F02C4C9C4600A3984E /* Build configuration list for PBXNativeTarget "AkiraTests" */;
			buildPhases = (
				38DC36E42C4C9C4600A3984E /* Sources */,
				38DC36E52C4C9C4600A3984E /* Frameworks */,
				38DC36E62C4C9C4600A3984E /* Resources */,
			);
			buildRules = (
			);
			dependencies = (
				38DC36ED2C4C9C4600A3984E /* PBXTargetDependency */,
			);
			name = AkiraTests;
			productName = AkiraTests;
			productReference = 38DC36E82C4C9C4600A3984E /* AkiraTests.xctest */;
			productType = "com.apple.product-type.bundle.unit-test";
		};
/* End PBXNativeTarget section */

/* Begin PBXProject section */
		382D398B2C43280500485F8C /* Project object */ = {
			isa = PBXProject;
			attributes = {
				BuildIndependentTargetsInParallel = 1;
				LastSwiftUpdateCheck = 1540;
				LastUpgradeCheck = 1540;
				TargetAttributes = {
					382D39922C43280500485F8C = {
						CreatedOnToolsVersion = 15.4;
					};
					38DC36E72C4C9C4600A3984E = {
						CreatedOnToolsVersion = 15.4;
						LastSwiftMigration = 1540;
						TestTargetID = 382D39922C43280500485F8C;
					};
				};
			};
			buildConfigurationList = 382D398E2C43280500485F8C /* Build configuration list for PBXProject "Akira" */;
			compatibilityVersion = "Xcode 14.0";
			developmentRegion = en;
			hasScannedForEncodings = 0;
			knownRegions = (
				en,
				Base,
			);
			mainGroup = 382D398A2C43280500485F8C;
			productRefGroup = 382D39942C43280500485F8C /* Products */;
			projectDirPath = "";
			projectRoot = "";
			targets = (
				382D39922C43280500485F8C /* Akira */,
				38DC36E72C4C9C4600A3984E /* AkiraTests */,
			);
		};
/* End PBXProject section */

/* Begin PBXResourcesBuildPhase section */
		382D39912C43280500485F8C /* Resources */ = {
			isa = PBXResourcesBuildPhase;
			buildActionMask = 2147483647;
			files = (
				382D399E2C43280700485F8C /* Preview Assets.xcassets in Resources */,
				382D399B2C43280700485F8C /* Assets.xcassets in Resources */,
			);
			runOnlyForDeploymentPostprocessing = 0;
		};
		38DC36E62C4C9C4600A3984E /* Resources */ = {
			isa = PBXResourcesBuildPhase;
			buildActionMask = 2147483647;
			files = (
			);
			runOnlyForDeploymentPostprocessing = 0;
		};
/* End PBXResourcesBuildPhase section */

/* Begin PBXSourcesBuildPhase section */
		382D398F2C43280500485F8C /* Sources */ = {
			isa = PBXSourcesBuildPhase;
			buildActionMask = 2147483647;
			files = (
				382D39AA2C432CD300485F8C /* KDVPerson.swift in Sources */,
				385327962C4CE3C300DC594B /* KDVPeopleView.swift in Sources */,
				382D39A62C43287200485F8C /* KDVMainView.swift in Sources */,
				3886A27D2C4D715700F42EEF /* KDVPreviewer.swift in Sources */,
				382D39972C43280500485F8C /* AkiraApp.swift in Sources */,
				38BDF87D2C4D591F006FD2FA /* KDVEvent.swift in Sources */,
				384CE5132C4D5EC900902C5F /* KDVEditEventView.swift in Sources */,
				382D39AC2C43340500485F8C /* KDVEditPersonView.swift in Sources */,
			);
			runOnlyForDeploymentPostprocessing = 0;
		};
		38DC36E42C4C9C4600A3984E /* Sources */ = {
			isa = PBXSourcesBuildPhase;
			buildActionMask = 2147483647;
			files = (
				38DC36F22C4C9DFF00A3984E /* AkiraTests.swift in Sources */,
			);
			runOnlyForDeploymentPostprocessing = 0;
		};
/* End PBXSourcesBuildPhase section */

/* Begin PBXTargetDependency section */
		38DC36ED2C4C9C4600A3984E /* PBXTargetDependency */ = {
			isa = PBXTargetDependency;
			target = 382D39922C43280500485F8C /* Akira */;
			targetProxy = 38DC36EC2C4C9C4600A3984E /* PBXContainerItemProxy */;
		};
/* End PBXTargetDependency section */

/* Begin XCBuildConfiguration section */
		382D399F2C43280700485F8C /* Debug */ = {
			isa = XCBuildConfiguration;
			buildSettings = {
				ALWAYS_SEARCH_USER_PATHS = NO;
				ASSETCATALOG_COMPILER_GENERATE_SWIFT_ASSET_SYMBOL_EXTENSIONS = YES;
				CLANG_ANALYZER_NONNULL = YES;
				CLANG_ANALYZER_NUMBER_OBJECT_CONVERSION = YES_AGGRESSIVE;
				CLANG_CXX_LANGUAGE_STANDARD = "gnu++20";
				CLANG_ENABLE_MODULES = YES;
				CLANG_ENABLE_OBJC_ARC = YES;
				CLANG_ENABLE_OBJC_WEAK = YES;
				CLANG_WARN_BLOCK_CAPTURE_AUTORELEASING = YES;
				CLANG_WARN_BOOL_CONVERSION = YES;
				CLANG_WARN_COMMA = YES;
				CLANG_WARN_CONSTANT_CONVERSION = YES;
				CLANG_WARN_DEPRECATED_OBJC_IMPLEMENTATIONS = YES;
				CLANG_WARN_DIRECT_OBJC_ISA_USAGE = YES_ERROR;
				CLANG_WARN_DOCUMENTATION_COMMENTS = YES;
				CLANG_WARN_EMPTY_BODY = YES;
				CLANG_WARN_ENUM_CONVERSION = YES;
				CLANG_WARN_INFINITE_RECURSION = YES;
				CLANG_WARN_INT_CONVERSION = YES;
				CLANG_WARN_NON_LITERAL_NULL_CONVERSION = YES;
				CLANG_WARN_OBJC_IMPLICIT_RETAIN_SELF = YES;
				CLANG_WARN_OBJC_LITERAL_CONVERSION = YES;
				CLANG_WARN_OBJC_ROOT_CLASS = YES_ERROR;
				CLANG_WARN_QUOTED_INCLUDE_IN_FRAMEWORK_HEADER = YES;
				CLANG_WARN_RANGE_LOOP_ANALYSIS = YES;
				CLANG_WARN_STRICT_PROTOTYPES = YES;
				CLANG_WARN_SUSPICIOUS_MOVE = YES;
				CLANG_WARN_UNGUARDED_AVAILABILITY = YES_AGGRESSIVE;
				CLANG_WARN_UNREACHABLE_CODE = YES;
				CLANG_WARN__DUPLICATE_METHOD_MATCH = YES;
				COPY_PHASE_STRIP = NO;
				DEBUG_INFORMATION_FORMAT = dwarf;
				ENABLE_STRICT_OBJC_MSGSEND = YES;
				ENABLE_TESTABILITY = YES;
				ENABLE_USER_SCRIPT_SANDBOXING = YES;
				GCC_C_LANGUAGE_STANDARD = gnu17;
				GCC_DYNAMIC_NO_PIC = NO;
				GCC_NO_COMMON_BLOCKS = YES;
				GCC_OPTIMIZATION_LEVEL = 0;
				GCC_PREPROCESSOR_DEFINITIONS = (
					"DEBUG=1",
					"$(inherited)",
				);
				GCC_WARN_64_TO_32_BIT_CONVERSION = YES;
				GCC_WARN_ABOUT_RETURN_TYPE = YES_ERROR;
				GCC_WARN_UNDECLARED_SELECTOR = YES;
				GCC_WARN_UNINITIALIZED_AUTOS = YES_AGGRESSIVE;
				GCC_WARN_UNUSED_FUNCTION = YES;
				GCC_WARN_UNUSED_VARIABLE = YES;
				IPHONEOS_DEPLOYMENT_TARGET = 17.5;
				LOCALIZATION_PREFERS_STRING_CATALOGS = YES;
				MTL_ENABLE_DEBUG_INFO = INCLUDE_SOURCE;
				MTL_FAST_MATH = YES;
				ONLY_ACTIVE_ARCH = YES;
				SDKROOT = iphoneos;
				SWIFT_ACTIVE_COMPILATION_CONDITIONS = "DEBUG $(inherited)";
				SWIFT_OPTIMIZATION_LEVEL = "-Onone";
			};
			name = Debug;
		};
		382D39A02C43280700485F8C /* Release */ = {
			isa = XCBuildConfiguration;
			buildSettings = {
				ALWAYS_SEARCH_USER_PATHS = NO;
				ASSETCATALOG_COMPILER_GENERATE_SWIFT_ASSET_SYMBOL_EXTENSIONS = YES;
				CLANG_ANALYZER_NONNULL = YES;
				CLANG_ANALYZER_NUMBER_OBJECT_CONVERSION = YES_AGGRESSIVE;
				CLANG_CXX_LANGUAGE_STANDARD = "gnu++20";
				CLANG_ENABLE_MODULES = YES;
				CLANG_ENABLE_OBJC_ARC = YES;
				CLANG_ENABLE_OBJC_WEAK = YES;
				CLANG_WARN_BLOCK_CAPTURE_AUTORELEASING = YES;
				CLANG_WARN_BOOL_CONVERSION = YES;
				CLANG_WARN_COMMA = YES;
				CLANG_WARN_CONSTANT_CONVERSION = YES;
				CLANG_WARN_DEPRECATED_OBJC_IMPLEMENTATIONS = YES;
				CLANG_WARN_DIRECT_OBJC_ISA_USAGE = YES_ERROR;
				CLANG_WARN_DOCUMENTATION_COMMENTS = YES;
				CLANG_WARN_EMPTY_BODY = YES;
				CLANG_WARN_ENUM_CONVERSION = YES;
				CLANG_WARN_INFINITE_RECURSION = YES;
				CLANG_WARN_INT_CONVERSION = YES;
				CLANG_WARN_NON_LITERAL_NULL_CONVERSION = YES;
				CLANG_WARN_OBJC_IMPLICIT_RETAIN_SELF = YES;
				CLANG_WARN_OBJC_LITERAL_CONVERSION = YES;
				CLANG_WARN_OBJC_ROOT_CLASS = YES_ERROR;
				CLANG_WARN_QUOTED_INCLUDE_IN_FRAMEWORK_HEADER = YES;
				CLANG_WARN_RANGE_LOOP_ANALYSIS = YES;
				CLANG_WARN_STRICT_PROTOTYPES = YES;
				CLANG_WARN_SUSPICIOUS_MOVE = YES;
				CLANG_WARN_UNGUARDED_AVAILABILITY = YES_AGGRESSIVE;
				CLANG_WARN_UNREACHABLE_CODE = YES;
				CLANG_WARN__DUPLICATE_METHOD_MATCH = YES;
				COPY_PHASE_STRIP = NO;
				DEBUG_INFORMATION_FORMAT = "dwarf-with-dsym";
				ENABLE_NS_ASSERTIONS = NO;
				ENABLE_STRICT_OBJC_MSGSEND = YES;
				ENABLE_USER_SCRIPT_SANDBOXING = YES;
				GCC_C_LANGUAGE_STANDARD = gnu17;
				GCC_NO_COMMON_BLOCKS = YES;
				GCC_WARN_64_TO_32_BIT_CONVERSION = YES;
				GCC_WARN_ABOUT_RETURN_TYPE = YES_ERROR;
				GCC_WARN_UNDECLARED_SELECTOR = YES;
				GCC_WARN_UNINITIALIZED_AUTOS = YES_AGGRESSIVE;
				GCC_WARN_UNUSED_FUNCTION = YES;
				GCC_WARN_UNUSED_VARIABLE = YES;
				IPHONEOS_DEPLOYMENT_TARGET = 17.5;
				LOCALIZATION_PREFERS_STRING_CATALOGS = YES;
				MTL_ENABLE_DEBUG_INFO = NO;
				MTL_FAST_MATH = YES;
				SDKROOT = iphoneos;
				SWIFT_COMPILATION_MODE = wholemodule;
				VALIDATE_PRODUCT = YES;
			};
			name = Release;
		};
		382D39A22C43280700485F8C /* Debug */ = {
			isa = XCBuildConfiguration;
			buildSettings = {
				ASSETCATALOG_COMPILER_APPICON_NAME = AppIcon;
				ASSETCATALOG_COMPILER_GLOBAL_ACCENT_COLOR_NAME = AccentColor;
				CODE_SIGN_STYLE = Automatic;
				CURRENT_PROJECT_VERSION = 1;
				DEVELOPMENT_ASSET_PATHS = "\"Akira/Preview Content\"";
				ENABLE_PREVIEWS = YES;
				GENERATE_INFOPLIST_FILE = YES;
				INFOPLIST_KEY_LSApplicationCategoryType = "public.app-category.education";
				INFOPLIST_KEY_UIApplicationSceneManifest_Generation = YES;
				INFOPLIST_KEY_UIApplicationSupportsIndirectInputEvents = YES;
				INFOPLIST_KEY_UILaunchScreen_Generation = YES;
				INFOPLIST_KEY_UISupportedInterfaceOrientations_iPad = "UIInterfaceOrientationPortrait UIInterfaceOrientationPortraitUpsideDown UIInterfaceOrientationLandscapeLeft UIInterfaceOrientationLandscapeRight";
				INFOPLIST_KEY_UISupportedInterfaceOrientations_iPhone = "UIInterfaceOrientationPortrait UIInterfaceOrientationLandscapeLeft UIInterfaceOrientationLandscapeRight";
				LD_RUNPATH_SEARCH_PATHS = (
					"$(inherited)",
					"@executable_path/Frameworks",
				);
				MARKETING_VERSION = 1.0;
				PRODUCT_BUNDLE_IDENTIFIER = com.v3nk.Akira;
				PRODUCT_NAME = "$(TARGET_NAME)";
				SWIFT_EMIT_LOC_STRINGS = YES;
				SWIFT_VERSION = 5.0;
				TARGETED_DEVICE_FAMILY = "1,2";
			};
			name = Debug;
		};
		382D39A32C43280700485F8C /* Release */ = {
			isa = XCBuildConfiguration;
			buildSettings = {
				ASSETCATALOG_COMPILER_APPICON_NAME = AppIcon;
				ASSETCATALOG_COMPILER_GLOBAL_ACCENT_COLOR_NAME = AccentColor;
				CODE_SIGN_STYLE = Automatic;
				CURRENT_PROJECT_VERSION = 1;
				DEVELOPMENT_ASSET_PATHS = "\"Akira/Preview Content\"";
				ENABLE_PREVIEWS = YES;
				GENERATE_INFOPLIST_FILE = YES;
				INFOPLIST_KEY_LSApplicationCategoryType = "public.app-category.education";
				INFOPLIST_KEY_UIApplicationSceneManifest_Generation = YES;
				INFOPLIST_KEY_UIApplicationSupportsIndirectInputEvents = YES;
				INFOPLIST_KEY_UILaunchScreen_Generation = YES;
				INFOPLIST_KEY_UISupportedInterfaceOrientations_iPad = "UIInterfaceOrientationPortrait UIInterfaceOrientationPortraitUpsideDown UIInterfaceOrientationLandscapeLeft UIInterfaceOrientationLandscapeRight";
				INFOPLIST_KEY_UISupportedInterfaceOrientations_iPhone = "UIInterfaceOrientationPortrait UIInterfaceOrientationLandscapeLeft UIInterfaceOrientationLandscapeRight";
				LD_RUNPATH_SEARCH_PATHS = (
					"$(inherited)",
					"@executable_path/Frameworks",
				);
				MARKETING_VERSION = 1.0;
				PRODUCT_BUNDLE_IDENTIFIER = com.v3nk.Akira;
				PRODUCT_NAME = "$(TARGET_NAME)";
				SWIFT_EMIT_LOC_STRINGS = YES;
				SWIFT_VERSION = 5.0;
				TARGETED_DEVICE_FAMILY = "1,2";
			};
			name = Release;
		};
		38DC36EE2C4C9C4600A3984E /* Debug */ = {
			isa = XCBuildConfiguration;
			buildSettings = {
				BUNDLE_LOADER = "$(TEST_HOST)";
				CLANG_ENABLE_MODULES = YES;
				CODE_SIGN_STYLE = Automatic;
				CURRENT_PROJECT_VERSION = 1;
				DEVELOPMENT_TEAM = LQ75G5YK98;
				GENERATE_INFOPLIST_FILE = YES;
				MARKETING_VERSION = 1.0;
				PRODUCT_BUNDLE_IDENTIFIER = com.v3nk.AkiraTests;
				PRODUCT_NAME = "$(TARGET_NAME)";
				SWIFT_EMIT_LOC_STRINGS = NO;
				SWIFT_OPTIMIZATION_LEVEL = "-Onone";
				SWIFT_VERSION = 5.0;
				TARGETED_DEVICE_FAMILY = "1,2";
				TEST_HOST = "$(BUILT_PRODUCTS_DIR)/Akira.app/$(BUNDLE_EXECUTABLE_FOLDER_PATH)/Akira";
			};
			name = Debug;
		};
		38DC36EF2C4C9C4600A3984E /* Release */ = {
			isa = XCBuildConfiguration;
			buildSettings = {
				BUNDLE_LOADER = "$(TEST_HOST)";
				CLANG_ENABLE_MODULES = YES;
				CODE_SIGN_STYLE = Automatic;
				CURRENT_PROJECT_VERSION = 1;
				DEVELOPMENT_TEAM = LQ75G5YK98;
				GENERATE_INFOPLIST_FILE = YES;
				MARKETING_VERSION = 1.0;
				PRODUCT_BUNDLE_IDENTIFIER = com.v3nk.AkiraTests;
				PRODUCT_NAME = "$(TARGET_NAME)";
				SWIFT_EMIT_LOC_STRINGS = NO;
				SWIFT_VERSION = 5.0;
				TARGETED_DEVICE_FAMILY = "1,2";
				TEST_HOST = "$(BUILT_PRODUCTS_DIR)/Akira.app/$(BUNDLE_EXECUTABLE_FOLDER_PATH)/Akira";
			};
			name = Release;
		};
/* End XCBuildConfiguration section */

/* Begin XCConfigurationList section */
		382D398E2C43280500485F8C /* Build configuration list for PBXProject "Akira" */ = {
			isa = XCConfigurationList;
			buildConfigurations = (
				382D399F2C43280700485F8C /* Debug */,
				382D39A02C43280700485F8C /* Release */,
			);
			defaultConfigurationIsVisible = 0;
			defaultConfigurationName = Release;
		};
		382D39A12C43280700485F8C /* Build configuration list for PBXNativeTarget "Akira" */ = {
			isa = XCConfigurationList;
			buildConfigurations = (
				382D39A22C43280700485F8C /* Debug */,
				382D39A32C43280700485F8C /* Release */,
			);
			defaultConfigurationIsVisible = 0;
			defaultConfigurationName = Release;
		};
		38DC36F02C4C9C4600A3984E /* Build configuration list for PBXNativeTarget "AkiraTests" */ = {
			isa = XCConfigurationList;
			buildConfigurations = (
				38DC36EE2C4C9C4600A3984E /* Debug */,
				38DC36EF2C4C9C4600A3984E /* Release */,
			);
			defaultConfigurationIsVisible = 0;
			defaultConfigurationName = Release;
		};
/* End XCConfigurationList section */
	};
	rootObject = 382D398B2C43280500485F8C /* Project object */;
}
